github.com/golang-jwt/jwt/v5 v5.0.0 h1:1n1XynKn9l7Q1pSe7DcWNQHf7O5t7l0/Cj2XrNf3e0=
github.com/golang-jwt/jwt/v5 v5.0.0/go.mod h1:pqrtFR0X4osieyHYxtcc+TCP6O8QJeFKYuhptQumRw=
github.com/google/uuid v1.6.0 h1:NIvaJDMOsjHA8n1jAhLSgzrAzy1Hjlj+TQo1BrMoxc=
github.com/google/uuid v1.6.0/go.mod h1:TIyPZe4MgqvfeYDBFedMoGkdin/v32QOoKeqF25mrXA=
github.com/gorilla/mux v1.8.1 h1:TuBL49tXwxGEEx6MsPoDccSujrWFAxnnDznWQmNrUE=
github.com/gorilla/mux v1.8.1/go.mod h1:DVbg23sWOj6QKDZQsJ2Tcob9nq7VPdqURI1ta1nZ8o=
github.com/joho/godotenv v1.5.1 h1:7P4SfwW0WPt4I8LLVewwpy+jlpsLshMhXeTyK9Q7NE=
github.com/joho/godotenv v1.5.1/go.mod h1:f4LDr5Voq0i2e/R5DDNOoa2zzDfwtkxj2DAdf4BsAE=
github.com/lib/pq v1.10.9 h1:YXG7RB+JIjhP29X+OtkiDnLaroAZDhXL+UFaXQeFs0=
github.com/lib/pq v1.10.9/go.mod h1:AlVN5x4E4xnaC4m3nauNv3eLZ7cMbtIvxS/qpf+Vm8=
